
Microsoft Visual Studio Solution File, Format Version 12.00
# Visual Studio Version 17
VisualStudioVersion = 17.5.33627.172
MinimumVisualStudioVersion = 10.0.40219.1
Project("{FAE04EC0-301F-11D3-BF4B-00C04F79EFBC}") = "WebApp", "WebApp\WebApp.csproj", "{AE4BF34E-0F50-420B-91A0-1B69065B6C40}"
EndProject
Global
	GlobalSection(SolutionConfigurationPlatforms) = preSolution
		Debug|Any CPU = Debug|Any CPU
		Release|Any CPU = Release|Any CPU
	EndGlobalSection
	GlobalSection(ProjectConfigurationPlatforms) = postSolution
		{AE4BF34E-0F50-420B-91A0-1B69065B6C40}.Debug|Any CPU.ActiveCfg = Debug|Any CPU
		{AE4BF34E-0F50-420B-91A0-1B69065B6C40}.Debug|Any CPU.Build.0 = Debug|Any CPU
		{AE4BF34E-0F50-420B-91A0-1B69065B6C40}.Release|Any CPU.ActiveCfg = Release|Any CPU
		{AE4BF34E-0F50-420B-91A0-1B69065B6C40}.Release|Any CPU.Build.0 = Release|Any CPU
	EndGlobalSection
	GlobalSection(SolutionProperties) = preSolution
		HideSolutionNode = FALSE
	EndGlobalSection
	GlobalSection(ExtensibilityGlobals) = postSolution
		SolutionGuid = {8BB26F56-DC9E-40ED-87EC-176FF3C698BD}
	EndGlobalSection
EndGlobal
